Microsoft Visual Studio Solution File, Format Version 12.00
Project("{9A19103F-16F7-4668-BE54-9A1E7A4F7556}") = "RateLimitApi", "Api\RateLimitApi.csproj", "{7F174BEC-D1F5-45E3-A28A-9FF4C7F9ED5B}"
EndProject
Global
	GlobalSection(SolutionConfigurationPlatforms) = preSolution
		Debug|Any CPU = Debug|Any CPU
		Release|Any CPU = Release|Any CPU
	EndGlobalSection
	GlobalSection(ProjectConfigurationPlatforms) = postSolution
		{7F174BEC-D1F5-45E3-A28A-9FF4C7F9ED5B}.Debug|Any CPU.ActiveCfg = Debug|Any CPU
		{7F174BEC-D1F5-45E3-A28A-9FF4C7F9ED5B}.Debug|Any CPU.Build.0 = Debug|Any CPU
		{7F174BEC-D1F5-45E3-A28A-9FF4C7F9ED5B}.Release|Any CPU.ActiveCfg = Release|Any CPU
		{7F174BEC-D1F5-45E3-A28A-9FF4C7F9ED5B}.Release|Any CPU.Build.0 = Release|Any CPU
	EndGlobalSection
EndGlobal
